{
  "name": "network-topology",
  "lockfileVersion": 3,
  "requires": true,
  "packages": {
    "": {
      "dependencies": {
        "@shumoku/netbox": "^0.2.13",
        "commander": "^14.0.2",
        "dotenv": "^17.2.3",
        "js-yaml": "^4.1.1",
        "shumoku": "^0.2.6"
      }
    },
    "node_modules/@pixi/colord": {
      "version": "2.9.6",
      "resolved": "https://registry.npmjs.org/@pixi/colord/-/colord-2.9.6.tgz",
      "integrity": "sha512-nezytU2pw587fQstUu1AsJZDVEynjskwOL+kibwcdxsMBFqPsFFNA7xl0ii/gXuDi6M0xj3mfRJj8pBSc2jCfA==",
      "license": "MIT"
    },
    "node_modules/@shumoku/core": {
      "version": "0.2.13",
      "resolved": "https://registry.npmjs.org/@shumoku/core/-/core-0.2.13.tgz",
      "integrity": "sha512-MvGbJpm9ITjQITBkS7GkrchEcc6LATxo/1mUJaxYIxMVVGwBXGP2uXFEThxy3KTB15kjsfBxtvifFIq1ygpKKg==",
      "license": "MIT",
      "dependencies": {
        "elkjs": "^0.11.0",
        "pixi.js": "^8.5.2"
      },
      "peerDependencies": {
        "@pixi/react": "^8.0.0",
        "react": "^18.0.0 || ^19.0.0"
      },
      "peerDependenciesMeta": {
        "@pixi/react": {
          "optional": true
        },
        "react": {
          "optional": true
        }
      }
    },
    "node_modules/@shumoku/icons": {
      "version": "0.2.4",
      "resolved": "https://registry.npmjs.org/@shumoku/icons/-/icons-0.2.4.tgz",
      "integrity": "sha512-+cLcL9bDQccnwZBlhYQGF97Hy8aFfFpYWYos9eTqDCwoc0gUwJ3SZGrKQmjvKynOrr5VHEcoV2bkvHEX5R6yQw==",
      "license": "MIT",
      "dependencies": {
        "@shumoku/core": "^0.2.3"
      },
      "peerDependencies": {
        "@shumoku/core": "^0.2.3"
      }
    },
    "node_modules/@shumoku/netbox": {
      "version": "0.2.14",
      "resolved": "https://registry.npmjs.org/@shumoku/netbox/-/netbox-0.2.14.tgz",
      "integrity": "sha512-qQWwm5WYjAhXLMU8ntQkfpan5YBt9rFBI9lHweXrtLHdErS9JqVXFj9KyrMdVKFp8o0z2oJ6LG9gd8pYw7AcSw==",
      "license": "MIT",
      "dependencies": {
        "@shumoku/core": "^0.2.13",
        "@shumoku/icons": "^0.2.3",
        "@shumoku/renderer": "^0.2.14"
      },
      "bin": {
        "netbox-to-shumoku": "dist/cli.js"
      }
    },
    "node_modules/@shumoku/parser-yaml": {
      "version": "0.2.13",
      "resolved": "https://registry.npmjs.org/@shumoku/parser-yaml/-/parser-yaml-0.2.13.tgz",
      "integrity": "sha512-qErv2EDOfpX3d33zQY8bZgTmnvtEgNkg3Ydx7QbHKuq58s97D9U1FwPYa389R7pRAr7XNL5ZZGLd+tTbb8BwsQ==",
      "license": "MIT",
      "dependencies": {
        "@shumoku/core": "^0.2.13",
        "js-yaml": "^4.1.0"
      }
    },
    "node_modules/@shumoku/renderer": {
      "version": "0.2.14",
      "resolved": "https://registry.npmjs.org/@shumoku/renderer/-/renderer-0.2.14.tgz",
      "integrity": "sha512-sCd54Ql66K82vsCs7YdAZFZOBLywHmDu6hcU3xaA9RP2RU0knV/u8iCe1efXbb7WVN59FxtLytoR8PknnPMiWA==",
      "license": "MIT",
      "dependencies": {
        "@shumoku/core": "^0.2.4"
      },
      "bin": {
        "shumoku": "dist/cli.js"
      }
    },
    "node_modules/@types/css-font-loading-module": {
      "version": "0.0.12",
      "resolved": "https://registry.npmjs.org/@types/css-font-loading-module/-/css-font-loading-module-0.0.12.tgz",
      "integrity": "sha512-x2tZZYkSxXqWvTDgveSynfjq/T2HyiZHXb00j/+gy19yp70PHCizM48XFdjBCWH7eHBD0R5i/pw9yMBP/BH5uA==",
      "license": "MIT"
    },
    "node_modules/@types/earcut": {
      "version": "3.0.0",
      "resolved": "https://registry.npmjs.org/@types/earcut/-/earcut-3.0.0.tgz",
      "integrity": "sha512-k/9fOUGO39yd2sCjrbAJvGDEQvRwRnQIZlBz43roGwUZo5SHAmyVvSFyaVVZkicRVCaDXPKlbxrUcBuJoSWunQ==",
      "license": "MIT"
    },
    "node_modules/@webgpu/types": {
      "version": "0.1.69",
      "resolved": "https://registry.npmjs.org/@webgpu/types/-/types-0.1.69.tgz",
      "integrity": "sha512-RPmm6kgRbI8e98zSD3RVACvnuktIja5+yLgDAkTmxLr90BEwdTXRQWNLF3ETTTyH/8mKhznZuN5AveXYFEsMGQ==",
      "license": "BSD-3-Clause"
    },
    "node_modules/@xmldom/xmldom": {
      "version": "0.8.11",
      "resolved": "https://registry.npmjs.org/@xmldom/xmldom/-/xmldom-0.8.11.tgz",
      "integrity": "sha512-cQzWCtO6C8TQiYl1ruKNn2U6Ao4o4WBBcbL61yJl84x+j5sOWWFU9X7DpND8XZG3daDppSsigMdfAIl2upQBRw==",
      "license": "MIT",
      "engines": {
        "node": ">=10.0.0"
      }
    },
    "node_modules/argparse": {
      "version": "2.0.1",
      "resolved": "https://registry.npmjs.org/argparse/-/argparse-2.0.1.tgz",
      "integrity": "sha512-8+9WqebbFzpX9OR+Wa6O29asIogeRMzcGtAINdpMHHyAg10f05aSFVBbcEqGf/PXw1EjAZ+q2/bEBg3DvurK3Q==",
      "license": "Python-2.0"
    },
    "node_modules/commander": {
      "version": "14.0.2",
      "resolved": "https://registry.npmjs.org/commander/-/commander-14.0.2.tgz",
      "integrity": "sha512-TywoWNNRbhoD0BXs1P3ZEScW8W5iKrnbithIl0YH+uCmBd0QpPOA8yc82DS3BIE5Ma6FnBVUsJ7wVUDz4dvOWQ==",
      "license": "MIT",
      "engines": {
        "node": ">=20"
      }
    },
    "node_modules/dotenv": {
      "version": "17.2.3",
      "resolved": "https://registry.npmjs.org/dotenv/-/dotenv-17.2.3.tgz",
      "integrity": "sha512-JVUnt+DUIzu87TABbhPmNfVdBDt18BLOWjMUFJMSi/Qqg7NTYtabbvSNJGOJ7afbRuv9D/lngizHtP7QyLQ+9w==",
      "license": "BSD-2-Clause",
      "engines": {
        "node": ">=12"
      },
      "funding": {
        "url": "https://dotenvx.com"
      }
    },
    "node_modules/earcut": {
      "version": "3.0.2",
      "resolved": "https://registry.npmjs.org/earcut/-/earcut-3.0.2.tgz",
      "integrity": "sha512-X7hshQbLyMJ/3RPhyObLARM2sNxxmRALLKx1+NVFFnQ9gKzmCrxm9+uLIAdBcvc8FNLpctqlQ2V6AE92Ol9UDQ==",
      "license": "ISC"
    },
    "node_modules/elkjs": {
      "version": "0.11.0",
      "resolved": "https://registry.npmjs.org/elkjs/-/elkjs-0.11.0.tgz",
      "integrity": "sha512-u4J8h9mwEDaYMqo0RYJpqNMFDoMK7f+pu4GjcV+N8jIC7TRdORgzkfSjTJemhqONFfH6fBI3wpysgWbhgVWIXw==",
      "license": "EPL-2.0"
    },
    "node_modules/eventemitter3": {
      "version": "5.0.1",
      "resolved": "https://registry.npmjs.org/eventemitter3/-/eventemitter3-5.0.1.tgz",
      "integrity": "sha512-GWkBvjiSZK87ELrYOSESUYeVIc9mvLLf/nXalMOS5dYrgZq9o5OVkbZAVM06CVxYsCwH9BDZFPlQTlPA1j4ahA==",
      "license": "MIT"
    },
    "node_modules/gifuct-js": {
      "version": "2.1.2",
      "resolved": "https://registry.npmjs.org/gifuct-js/-/gifuct-js-2.1.2.tgz",
      "integrity": "sha512-rI2asw77u0mGgwhV3qA+OEgYqaDn5UNqgs+Bx0FGwSpuqfYn+Ir6RQY5ENNQ8SbIiG/m5gVa7CD5RriO4f4Lsg==",
      "license": "MIT",
      "dependencies": {
        "js-binary-schema-parser": "^2.0.3"
      }
    },
    "node_modules/ismobilejs": {
      "version": "1.1.1",
      "resolved": "https://registry.npmjs.org/ismobilejs/-/ismobilejs-1.1.1.tgz",
      "integrity": "sha512-VaFW53yt8QO61k2WJui0dHf4SlL8lxBofUuUmwBo0ljPk0Drz2TiuDW4jo3wDcv41qy/SxrJ+VAzJ/qYqsmzRw==",
      "license": "MIT"
    },
    "node_modules/js-binary-schema-parser": {
      "version": "2.0.3",
      "resolved": "https://registry.npmjs.org/js-binary-schema-parser/-/js-binary-schema-parser-2.0.3.tgz",
      "integrity": "sha512-xezGJmOb4lk/M1ZZLTR/jaBHQ4gG/lqQnJqdIv4721DMggsa1bDVlHXNeHYogaIEHD9vCRv0fcL4hMA+Coarkg==",
      "license": "MIT"
    },
    "node_modules/js-yaml": {
      "version": "4.1.1",
      "resolved": "https://registry.npmjs.org/js-yaml/-/js-yaml-4.1.1.tgz",
      "integrity": "sha512-qQKT4zQxXl8lLwBtHMWwaTcGfFOZviOJet3Oy/xmGk2gZH677CJM9EvtfdSkgWcATZhj/55JZ0rmy3myCT5lsA==",
      "license": "MIT",
      "dependencies": {
        "argparse": "^2.0.1"
      },
      "bin": {
        "js-yaml": "bin/js-yaml.js"
      }
    },
    "node_modules/parse-svg-path": {
      "version": "0.1.2",
      "resolved": "https://registry.npmjs.org/parse-svg-path/-/parse-svg-path-0.1.2.tgz",
      "integrity": "sha512-JyPSBnkTJ0AI8GGJLfMXvKq42cj5c006fnLz6fXy6zfoVjJizi8BNTpu8on8ziI1cKy9d9DGNuY17Ce7wuejpQ==",
      "license": "MIT"
    },
    "node_modules/pixi.js": {
      "version": "8.15.0",
      "resolved": "https://registry.npmjs.org/pixi.js/-/pixi.js-8.15.0.tgz",
      "integrity": "sha512-J/Ghze/K9fjHRlfwC2EMZ7vnMIhGo4ByKCsKMcS0AB12iT79nf9zzWKUTzMJ8QAQFqQfDOl5ULwmHMUdeih2zQ==",
      "license": "MIT",
      "dependencies": {
        "@pixi/colord": "^2.9.6",
        "@types/css-font-loading-module": "^0.0.12",
        "@types/earcut": "^3.0.0",
        "@webgpu/types": "^0.1.40",
        "@xmldom/xmldom": "^0.8.10",
        "earcut": "^3.0.2",
        "eventemitter3": "^5.0.1",
        "gifuct-js": "^2.1.2",
        "ismobilejs": "^1.1.1",
        "parse-svg-path": "^0.1.2",
        "tiny-lru": "^11.4.5"
      },
      "funding": {
        "type": "opencollective",
        "url": "https://opencollective.com/pixijs"
      }
    },
    "node_modules/shumoku": {
      "version": "0.2.6",
      "resolved": "https://registry.npmjs.org/shumoku/-/shumoku-0.2.6.tgz",
      "integrity": "sha512-1KVg7skbcvE/6//JU+7t5TeIhpkzyKBKJOgTLO540T4IeyBdrx6BlOO96MHz/8CIRHAn+jXtysA/T8Paem9I4w==",
      "license": "MIT",
      "dependencies": {
        "@shumoku/core": "^0.2.13",
        "@shumoku/icons": "^0.2.3",
        "@shumoku/parser-yaml": "^0.2.13",
        "@shumoku/renderer": "^0.2.3"
      }
    },
    "node_modules/tiny-lru": {
      "version": "11.4.7",
      "resolved": "https://registry.npmjs.org/tiny-lru/-/tiny-lru-11.4.7.tgz",
      "integrity": "sha512-w/Te7uMUVeH0CR8vZIjr+XiN41V+30lkDdK+NRIDCUYKKuL9VcmaUEmaPISuwGhLlrTGh5yu18lENtR9axSxYw==",
      "license": "BSD-3-Clause",
      "engines": {
        "node": ">=12"
      }
    }
  }
}
